dependencies:
- name: middleware
  repository: ""
  version: 0.1.0
- name: data-foundation
  repository: ""
  version: 0.1.0
- name: model-foundation
  repository: ""
  version: 0.1.0
- name: common-foundation
  repository: ""
  version: 0.1.0
- name: medical-brain
  repository: ""
  version: 0.1.0
- name: biz-foundation
  repository: ""
  version: 0.1.0
- name: gateway
  repository: ""
  version: 0.1.0
digest: sha256:353d576419a853a0e1991eb823f3af7be75dda50f7ddf4b1d9c4345daa7de722
generated: "2026-03-31T11:26:09.859447+08:00"
