dependencies:
- name: middleware
  repository: ""
  version: 0.1.0
- name: data-foundation
  repository: ""
  version: 0.1.0
- name: model-foundation
  repository: ""
  version: 0.1.0
- name: common-foundation
  repository: ""
  version: 0.1.0
- name: medical-brain
  repository: ""
  version: 0.1.0
- name: biz-foundation
  repository: ""
  version: 0.1.0
- name: gateway
  repository: ""
  version: 0.1.0
digest: sha256:a4440710039f09a78664ed29019f0360bb6e88c71660655e77539885c15b7fa1
generated: "2026-04-01T16:14:59.70466+08:00"
